{
  "name": "redmine_rt_webextension",
  "version": "1.0.0",
  "lockfileVersion": 1,
  "dependencies": {
    "actioncable": {
      "version": "5.1.4",
      "resolved": "https://registry.npmjs.org/actioncable/-/actioncable-5.1.4.tgz",
      "integrity": "sha512-ys4Hc2YBvPHks6B3p6v0dopswShdcjEkYUAodZm2EsaWxB1gXDqjcYAAmarnwHR45nLr0J3W5KNZpCx1Uhwqbw=="
    },
    "websocket-rails-js": {
      "version": "git+https://github.com/MayamaTakeshi/websocket-rails-js.git#3a9ba80bb46f479babec8c211f55205947900590"
    }
  }
}
